
Microsoft Visual Studio Solution File, Format Version 12.00
# Visual Studio Version 17
VisualStudioVersion = 17.6.33723.286
MinimumVisualStudioVersion = 10.0.40219.1
Project("{9A19103F-16F7-4668-BE54-9A1E7A4F7556}") = "TestProject5", "TestProject5\TestProject5.csproj", "{63A79B01-1C24-4F2E-BAA6-7E3A3148DDC2}"
EndProject
Global
	GlobalSection(SolutionConfigurationPlatforms) = preSolution
		Debug|Any CPU = Debug|Any CPU
		Release|Any CPU = Release|Any CPU
	EndGlobalSection
	GlobalSection(ProjectConfigurationPlatforms) = postSolution
		{63A79B01-1C24-4F2E-BAA6-7E3A3148DDC2}.Debug|Any CPU.ActiveCfg = Debug|Any CPU
		{63A79B01-1C24-4F2E-BAA6-7E3A3148DDC2}.Debug|Any CPU.Build.0 = Debug|Any CPU
		{63A79B01-1C24-4F2E-BAA6-7E3A3148DDC2}.Release|Any CPU.ActiveCfg = Release|Any CPU
		{63A79B01-1C24-4F2E-BAA6-7E3A3148DDC2}.Release|Any CPU.Build.0 = Release|Any CPU
	EndGlobalSection
	GlobalSection(SolutionProperties) = preSolution
		HideSolutionNode = FALSE
	EndGlobalSection
	GlobalSection(ExtensibilityGlobals) = postSolution
		SolutionGuid = {A2811587-606D-4BE0-B3B4-E7F1E1CD7007}
	EndGlobalSection
EndGlobal
